
Microsoft Visual Studio Solution File, Format Version 12.00
# Visual Studio 15
VisualStudioVersion = 15.0.27130.2036
MinimumVisualStudioVersion = 10.0.40219.1
Project("{FAE04EC0-301F-11D3-BF4B-00C04F79EFBC}") = "Snake", "Snake\Snake.csproj", "{72FADED0-DAB5-42AE-9CF2-A659B9057F1C}"
EndProject
Global
	GlobalSection(SolutionConfigurationPlatforms) = preSolution
		Debug|Any CPU = Debug|Any CPU
		Release|Any CPU = Release|Any CPU
	EndGlobalSection
	GlobalSection(ProjectConfigurationPlatforms) = postSolution
		{72FADED0-DAB5-42AE-9CF2-A659B9057F1C}.Debug|Any CPU.ActiveCfg = Debug|Any CPU
		{72FADED0-DAB5-42AE-9CF2-A659B9057F1C}.Debug|Any CPU.Build.0 = Debug|Any CPU
		{72FADED0-DAB5-42AE-9CF2-A659B9057F1C}.Release|Any CPU.ActiveCfg = Release|Any CPU
		{72FADED0-DAB5-42AE-9CF2-A659B9057F1C}.Release|Any CPU.Build.0 = Release|Any CPU
	EndGlobalSection
	GlobalSection(SolutionProperties) = preSolution
		HideSolutionNode = FALSE
	EndGlobalSection
	GlobalSection(ExtensibilityGlobals) = postSolution
		SolutionGuid = {B0410243-DFB9-4E42-9B2F-0356522C82B7}
	EndGlobalSection
EndGlobal
